
Microsoft Visual Studio Solution File, Format Version 12.00
# Visual Studio Version 17
VisualStudioVersion = 17.7.34031.279
MinimumVisualStudioVersion = 10.0.40219.1
Project("{9A19103F-16F7-4668-BE54-9A1E7A4F7556}") = "прога 1.2", "прога 1.2\прога 1.2.csproj", "{C0521CD0-74A5-4D3D-9DC8-5D1DEE89401E}"
EndProject
Project("{FAE04EC0-301F-11D3-BF4B-00C04F79EFBC}") = "ConsoleApp1", "ConsoleApp1\ConsoleApp1.csproj", "{05C35746-6F3E-460D-81BE-00CCB091B414}"
EndProject
Project("{FAE04EC0-301F-11D3-BF4B-00C04F79EFBC}") = "1.3", "1.3\1.3.csproj", "{D1E5FD4B-3E45-40A1-96D4-4CC390B8200B}"
EndProject
Global
	GlobalSection(SolutionConfigurationPlatforms) = preSolution
		Debug|Any CPU = Debug|Any CPU
		Release|Any CPU = Release|Any CPU
	EndGlobalSection
	GlobalSection(ProjectConfigurationPlatforms) = postSolution
		{C0521CD0-74A5-4D3D-9DC8-5D1DEE89401E}.Debug|Any CPU.ActiveCfg = Debug|Any CPU
		{C0521CD0-74A5-4D3D-9DC8-5D1DEE89401E}.Debug|Any CPU.Build.0 = Debug|Any CPU
		{C0521CD0-74A5-4D3D-9DC8-5D1DEE89401E}.Release|Any CPU.ActiveCfg = Release|Any CPU
		{C0521CD0-74A5-4D3D-9DC8-5D1DEE89401E}.Release|Any CPU.Build.0 = Release|Any CPU
		{05C35746-6F3E-460D-81BE-00CCB091B414}.Debug|Any CPU.ActiveCfg = Debug|Any CPU
		{05C35746-6F3E-460D-81BE-00CCB091B414}.Debug|Any CPU.Build.0 = Debug|Any CPU
		{05C35746-6F3E-460D-81BE-00CCB091B414}.Release|Any CPU.ActiveCfg = Release|Any CPU
		{05C35746-6F3E-460D-81BE-00CCB091B414}.Release|Any CPU.Build.0 = Release|Any CPU
		{D1E5FD4B-3E45-40A1-96D4-4CC390B8200B}.Debug|Any CPU.ActiveCfg = Debug|Any CPU
		{D1E5FD4B-3E45-40A1-96D4-4CC390B8200B}.Debug|Any CPU.Build.0 = Debug|Any CPU
		{D1E5FD4B-3E45-40A1-96D4-4CC390B8200B}.Release|Any CPU.ActiveCfg = Release|Any CPU
		{D1E5FD4B-3E45-40A1-96D4-4CC390B8200B}.Release|Any CPU.Build.0 = Release|Any CPU
	EndGlobalSection
	GlobalSection(SolutionProperties) = preSolution
		HideSolutionNode = FALSE
	EndGlobalSection
	GlobalSection(ExtensibilityGlobals) = postSolution
		SolutionGuid = {092466DC-7839-4908-BF99-598D0F124725}
	EndGlobalSection
EndGlobal
